
Microsoft Visual Studio Solution File, Format Version 12.00
# Visual Studio Version 17
VisualStudioVersion = 17.11.35327.3
MinimumVisualStudioVersion = 10.0.40219.1
Project("{FAE04EC0-301F-11D3-BF4B-00C04F79EFBC}") = "bash-pomo.app", "./src/bash-pomo.app/bash-pomo.app.csproj", "{93517480-6921-4496-B928-96D1194ABF49}"
EndProject
Global
	GlobalSection(SolutionConfigurationPlatforms) = preSolution
		Debug|Any CPU = Debug|Any CPU
		Release|Any CPU = Release|Any CPU
	EndGlobalSection
	GlobalSection(ProjectConfigurationPlatforms) = postSolution
		{93517480-6921-4496-B928-96D1194ABF49}.Debug|Any CPU.ActiveCfg = Debug|Any CPU
		{93517480-6921-4496-B928-96D1194ABF49}.Debug|Any CPU.Build.0 = Debug|Any CPU
		{93517480-6921-4496-B928-96D1194ABF49}.Release|Any CPU.ActiveCfg = Release|Any CPU
		{93517480-6921-4496-B928-96D1194ABF49}.Release|Any CPU.Build.0 = Release|Any CPU
	EndGlobalSection
	GlobalSection(SolutionProperties) = preSolution
		HideSolutionNode = FALSE
	EndGlobalSection
	GlobalSection(ExtensibilityGlobals) = postSolution
		SolutionGuid = {40470ACB-B2FC-47FE-8591-30603F806028}
	EndGlobalSection
EndGlobal
